// !$*UTF8*$!
{
	archiveVersion = 1;
	classes = {
	};
	objectVersion = 46;
	objects = {

/* Begin PBXBuildFile section */
		426631761C6D8E2200582550 /* AppDelegate.swift in Sources */ = {isa = PBXBuildFile; fileRef = 426631751C6D8E2200582550 /* AppDelegate.swift */; };
		426631781C6D8E2200582550 /* ViewController.swift in Sources */ = {isa = PBXBuildFile; fileRef = 426631771C6D8E2200582550 /* ViewController.swift */; };
		4266317B1C6D8E2200582550 /* Main.storyboard in Resources */ = {isa = PBXBuildFile; fileRef = 426631791C6D8E2200582550 /* Main.storyboard */; };
		4266317D1C6D8E2300582550 /* Assets.xcassets in Resources */ = {isa = PBXBuildFile; fileRef = 4266317C1C6D8E2300582550 /* Assets.xcassets */; };
/* End PBXBuildFile section */

/* Begin PBXFileReference section */
		426631721C6D8E2200582550 /* General Knowledge.app */ = {isa = PBXFileReference; explicitFileType = wrapper.application; includeInIndex = 0; path = "General Knowledge.app"; sourceTree = BUILT_PRODUCTS_DIR; };
		426631751C6D8E2200582550 /* AppDelegate.swift */ = {isa = PBXFileReference; lastKnownFileType = sourcecode.swift; path = AppDelegate.swift; sourceTree = "<group>"; };
		426631771C6D8E2200582550 /* ViewController.swift */ = {isa = PBXFileReference; lastKnownFileType = sourcecode.swift; path = ViewController.swift; sourceTree = "<group>"; };
		4266317A1C6D8E2200582550 /* Base */ = {isa = PBXFileReference; lastKnownFileType = file.storyboard; name = Base; path = Base.lproj/Main.storyboard; sourceTree = "<group>"; };
		4266317C1C6D8E2300582550 /* Assets.xcassets */ = {isa = PBXFileReference; lastKnownFileType = folder.assetcatalog; path = Assets.xcassets; sourceTree = "<group>"; };
		4266317E1C6D8E2300582550 /* Info.plist */ = {isa = PBXFileReference; lastKnownFileType = text.plist.xml; path = Info.plist; sourceTree = "<group>"; };
/* End PBXFileReference section */

/* Begin PBXFrameworksBuildPhase section */
		4266316F1C6D8E2200582550 /* Frameworks */ = {
			isa = PBXFrameworksBuildPhase;
			buildActionMask = 2147483647;
			files = (
			);
			runOnlyForDeploymentPostprocessing = 0;
		};
/* End PBXFrameworksBuildPhase section */

/* Begin PBXGroup section */
		426631691C6D8E2200582550 = {
			isa = PBXGroup;
			children = (
				426631741C6D8E2200582550 /* General Knowledge */,
				426631731C6D8E2200582550 /* Products */,
			);
			sourceTree = "<group>";
		};
		426631731C6D8E2200582550 /* Products */ = {
			isa = PBXGroup;
			children = (
				426631721C6D8E2200582550 /* General Knowledge.app */,
			);
			name = Products;
			sourceTree = "<group>";
		};
		426631741C6D8E2200582550 /* General Knowledge */ = {
			isa = PBXGroup;
			children = (
				426631751C6D8E2200582550 /* AppDelegate.swift */,
				426631771C6D8E2200582550 /* ViewController.swift */,
				426631791C6D8E2200582550 /* Main.storyboard */,
				4266317C1C6D8E2300582550 /* Assets.xcassets */,
				4266317E1C6D8E2300582550 /* Info.plist */,
			);
			path = "General Knowledge";
			sourceTree = "<group>";
		};
/* End PBXGroup section */

/* Begin PBXNativeTarget section */
		426631711C6D8E2200582550 /* General Knowledge */ = {
			isa = PBXNativeTarget;
			buildConfigurationList = 426631811C6D8E2300582550 /* Build configuration list for PBXNativeTarget "General Knowledge" */;
			buildPhases = (
				4266316E1C6D8E2200582550 /* Sources */,
				4266316F1C6D8E2200582550 /* Frameworks */,
				426631701C6D8E2200582550 /* Resources */,
			);
			buildRules = (
			);
			dependencies = (
			);
			name = "General Knowledge";
			productName = "General Knowledge";
			productReference = 426631721C6D8E2200582550 /* General Knowledge.app */;
			productType = "com.apple.product-type.application";
		};
/* End PBXNativeTarget section */

/* Begin PBXProject section */
		4266316A1C6D8E2200582550 /* Project object */ = {
			isa = PBXProject;
			attributes = {
				LastSwiftUpdateCheck = 0720;
				LastUpgradeCheck = 0720;
				ORGANIZATIONNAME = "Omar Faruqe";
				TargetAttributes = {
					426631711C6D8E2200582550 = {
						CreatedOnToolsVersion = 7.2.1;
						DevelopmentTeam = G922VPJ64L;
					};
				};
			};
			buildConfigurationList = 4266316D1C6D8E2200582550 /* Build configuration list for PBXProject "General Knowledge" */;
			compatibilityVersion = "Xcode 3.2";
			developmentRegion = English;
			hasScannedForEncodings = 0;
			knownRegions = (
				en,
				Base,
			);
			mainGroup = 426631691C6D8E2200582550;
			productRefGroup = 426631731C6D8E2200582550 /* Products */;
			projectDirPath = "";
			projectRoot = "";
			targets = (
				426631711C6D8E2200582550 /* General Knowledge */,
			);
		};
/* End PBXProject section */

/* Begin PBXResourcesBuildPhase section */
		426631701C6D8E2200582550 /* Resources */ = {
			isa = PBXResourcesBuildPhase;
			buildActionMask = 2147483647;
			files = (
				4266317D1C6D8E2300582550 /* Assets.xcassets in Resources */,
				4266317B1C6D8E2200582550 /* Main.storyboard in Resources */,
			);
			runOnlyForDeploymentPostprocessing = 0;
		};
/* End PBXResourcesBuildPhase section */

/* Begin PBXSourcesBuildPhase section */
		4266316E1C6D8E2200582550 /* Sources */ = {
			isa = PBXSourcesBuildPhase;
			buildActionMask = 2147483647;
			files = (
				426631781C6D8E2200582550 /* ViewController.swift in Sources */,
				426631761C6D8E2200582550 /* AppDelegate.swift in Sources */,
			);
			runOnlyForDeploymentPostprocessing = 0;
		};
/* End PBXSourcesBuildPhase section */

/* Begin PBXVariantGroup section */
		426631791C6D8E2200582550 /* Main.storyboard */ = {
			isa = PBXVariantGroup;
			children = (
				4266317A1C6D8E2200582550 /* Base */,
			);
			name = Main.storyboard;
			sourceTree = "<group>";
		};
/* End PBXVariantGroup section */

/* Begin XCBuildConfiguration section */
		4266317F1C6D8E2300582550 /* Debug */ = {
			isa = XCBuildConfiguration;
			buildSettings = {
				ALWAYS_SEARCH_USER_PATHS = NO;
				CLANG_CXX_LANGUAGE_STANDARD = "gnu++0x";
				CLANG_CXX_LIBRARY = "libc++";
				CLANG_ENABLE_MODULES = YES;
				CLANG_ENABLE_OBJC_ARC = YES;
				CLANG_WARN_BOOL_CONVERSION = YES;
				CLANG_WARN_CONSTANT_CONVERSION = YES;
				CLANG_WARN_DIRECT_OBJC_ISA_USAGE = YES_ERROR;
				CLANG_WARN_EMPTY_BODY = YES;
				CLANG_WARN_ENUM_CONVERSION = YES;
				CLANG_WARN_INT_CONVERSION = YES;
				CLANG_WARN_OBJC_ROOT_CLASS = YES_ERROR;
				CLANG_WARN_UNREACHABLE_CODE = YES;
				CLANG_WARN__DUPLICATE_METHOD_MATCH = YES;
				COPY_PHASE_STRIP = NO;
				DEBUG_INFORMATION_FORMAT = dwarf;
				ENABLE_STRICT_OBJC_MSGSEND = YES;
				ENABLE_TESTABILITY = YES;
				GCC_C_LANGUAGE_STANDARD = gnu99;
				GCC_DYNAMIC_NO_PIC = NO;
				GCC_NO_COMMON_BLOCKS = YES;
				GCC_OPTIMIZATION_LEVEL = 0;
				GCC_PREPROCESSOR_DEFINITIONS = (
					"DEBUG=1",
					"$(inherited)",
				);
				GCC_WARN_64_TO_32_BIT_CONVERSION = YES;
				GCC_WARN_ABOUT_RETURN_TYPE = YES_ERROR;
				GCC_WARN_UNDECLARED_SELECTOR = YES;
				GCC_WARN_UNINITIALIZED_AUTOS = YES_AGGRESSIVE;
				GCC_WARN_UNUSED_FUNCTION = YES;
				GCC_WARN_UNUSED_VARIABLE = YES;
				MTL_ENABLE_DEBUG_INFO = YES;
				ONLY_ACTIVE_ARCH = YES;
				SDKROOT = appletvos;
				SWIFT_OPTIMIZATION_LEVEL = "-Onone";
				TARGETED_DEVICE_FAMILY = 3;
				TVOS_DEPLOYMENT_TARGET = 9.1;
			};
			name = Debug;
		};
		426631801C6D8E2300582550 /* Release */ = {
			isa = XCBuildConfiguration;
			buildSettings = {
				ALWAYS_SEARCH_USER_PATHS = NO;
				CLANG_CXX_LANGUAGE_STANDARD = "gnu++0x";
				CLANG_CXX_LIBRARY = "libc++";
				CLANG_ENABLE_MODULES = YES;
				CLANG_ENABLE_OBJC_ARC = YES;
				CLANG_WARN_BOOL_CONVERSION = YES;
				CLANG_WARN_CONSTANT_CONVERSION = YES;
				CLANG_WARN_DIRECT_OBJC_ISA_USAGE = YES_ERROR;
				CLANG_WARN_EMPTY_BODY = YES;
				CLANG_WARN_ENUM_CONVERSION = YES;
				CLANG_WARN_INT_CONVERSION = YES;
				CLANG_WARN_OBJC_ROOT_CLASS = YES_ERROR;
				CLANG_WARN_UNREACHABLE_CODE = YES;
				CLANG_WARN__DUPLICATE_METHOD_MATCH = YES;
				COPY_PHASE_STRIP = NO;
				DEBUG_INFORMATION_FORMAT = "dwarf-with-dsym";
				ENABLE_NS_ASSERTIONS = NO;
				ENABLE_STRICT_OBJC_MSGSEND = YES;
				GCC_C_LANGUAGE_STANDARD = gnu99;
				GCC_NO_COMMON_BLOCKS = YES;
				GCC_WARN_64_TO_32_BIT_CONVERSION = YES;
				GCC_WARN_ABOUT_RETURN_TYPE = YES_ERROR;
				GCC_WARN_UNDECLARED_SELECTOR = YES;
				GCC_WARN_UNINITIALIZED_AUTOS = YES_AGGRESSIVE;
				GCC_WARN_UNUSED_FUNCTION = YES;
				GCC_WARN_UNUSED_VARIABLE = YES;
				MTL_ENABLE_DEBUG_INFO = NO;
				SDKROOT = appletvos;
				TARGETED_DEVICE_FAMILY = 3;
				TVOS_DEPLOYMENT_TARGET = 9.1;
				VALIDATE_PRODUCT = YES;
			};
			name = Release;
		};
		426631821C6D8E2300582550 /* Debug */ = {
			isa = XCBuildConfiguration;
			buildSettings = {
				ASSETCATALOG_COMPILER_APPICON_NAME = "App Icon & Top Shelf Image";
				ASSETCATALOG_COMPILER_LAUNCHIMAGE_NAME = LaunchImage;
				CODE_SIGN_IDENTITY = "iPhone Developer";
				INFOPLIST_FILE = "General Knowledge/Info.plist";
				LD_RUNPATH_SEARCH_PATHS = "$(inherited) @executable_path/Frameworks";
				PRODUCT_BUNDLE_IDENTIFIER = "com.omarfaruqe.General-Knowledge";
				PRODUCT_NAME = "$(TARGET_NAME)";
			};
			name = Debug;
		};
		426631831C6D8E2300582550 /* Release */ = {
			isa = XCBuildConfiguration;
			buildSettings = {
				ASSETCATALOG_COMPILER_APPICON_NAME = "App Icon & Top Shelf Image";
				ASSETCATALOG_COMPILER_LAUNCHIMAGE_NAME = LaunchImage;
				CODE_SIGN_IDENTITY = "iPhone Developer";
				INFOPLIST_FILE = "General Knowledge/Info.plist";
				LD_RUNPATH_SEARCH_PATHS = "$(inherited) @executable_path/Frameworks";
				PRODUCT_BUNDLE_IDENTIFIER = "com.omarfaruqe.General-Knowledge";
				PRODUCT_NAME = "$(TARGET_NAME)";
			};
			name = Release;
		};
/* End XCBuildConfiguration section */

/* Begin XCConfigurationList section */
		4266316D1C6D8E2200582550 /* Build configuration list for PBXProject "General Knowledge" */ = {
			isa = XCConfigurationList;
			buildConfigurations = (
				4266317F1C6D8E2300582550 /* Debug */,
				426631801C6D8E2300582550 /* Release */,
			);
			defaultConfigurationIsVisible = 0;
			defaultConfigurationName = Release;
		};
		426631811C6D8E2300582550 /* Build configuration list for PBXNativeTarget "General Knowledge" */ = {
			isa = XCConfigurationList;
			buildConfigurations = (
				426631821C6D8E2300582550 /* Debug */,
				426631831C6D8E2300582550 /* Release */,
			);
			defaultConfigurationIsVisible = 0;
		};
/* End XCConfigurationList section */
	};
	rootObject = 4266316A1C6D8E2200582550 /* Project object */;
}
